{
  "name": "next-fucss",
  "version": "0.1.2",
  "lockfileVersion": 1,
  "requires": true,
  "dependencies": {
    "fucss": {
      "version": "0.8.11",
      "resolved": "https://registry.npmjs.org/fucss/-/fucss-0.8.11.tgz",
      "integrity": "sha512-LNIUVvMXSv0mlS1gmQp4ACEP1Bf17QTZOUEIKxzp1phVwggYw7ziduSWj5qRHhpXijnXFW3/YQKO7QB8rZWxpg=="
    }
  }
}
