{
  "name": "next-fucss",
  "version": "0.0.11",
  "lockfileVersion": 1,
  "requires": true,
  "dependencies": {
    "fs": {
      "version": "0.0.1-security",
      "resolved": "https://registry.npmjs.org/fs/-/fs-0.0.1-security.tgz",
      "integrity": "sha1-invTcYa23d84E/I4WLV+yq9eQdQ="
    },
    "fucss": {
      "version": "0.7.12",
      "resolved": "https://registry.npmjs.org/fucss/-/fucss-0.7.12.tgz",
      "integrity": "sha512-LtQrc5YxwS2iv84EF6p14966v8mgcHZAmAdaKu4kOp4QRU9dPjVpMCnYZyKWPTYhYSpvdv6gWUAOI8kzZWKWpA=="
    }
  }
}
