{
  "name": "next-fucss",
  "version": "0.0.23",
  "lockfileVersion": 1,
  "requires": true,
  "dependencies": {
    "fucss": {
      "version": "0.8.10",
      "resolved": "https://registry.npmjs.org/fucss/-/fucss-0.8.10.tgz",
      "integrity": "sha512-zjpQQmKYQQbGSMlTzlIkAui0NXmZedJO7iqn4NfORn60tu6FyGeg9ASuxhMiASLbJhfsuU3RIFSKNEV8j3AbpA=="
    }
  }
}
